
Microsoft Visual Studio Solution File, Format Version 12.00
# Visual Studio 15
VisualStudioVersion = 15.0.27004.2009MinimumVisualStudioVersion = 10.0.40219.1
Project("{FAE04EC0-301F-11D3-BF4B-00C04F79EFBC}") = "Web-Cards", "Web-Cards\Web-Cards.csproj", "{77ED44E0-6254-4980-BF94-41D2E3E16D78}"
EndProject
Project("{9A19103F-16F7-4668-BE54-9A1E7A4F7556}") = "CardsLib", "CardsLib\CardsLib.csproj", "{1713D5D4-A989-4B2A-A480-434A5690C6C0}"
EndProject
Project("{FAE04EC0-301F-11D3-BF4B-00C04F79EFBC}") = "SolitaireLib", "SolitaireLib\SolitaireLib.csproj", "{E9BEE378-A132-41DD-B1F5-36824387964E}"
EndProject
Project("{FAE04EC0-301F-11D3-BF4B-00C04F79EFBC}") = "WarLib", "WarLib\WarLib.csproj", "{0E38D90D-019A-4AF8-B7BE-16D51A11E7A8}"
EndProject
Project("{FAE04EC0-301F-11D3-BF4B-00C04F79EFBC}") = "CardLib", "CardLib\CardLib.csproj", "{7C48C0A9-3AAC-4F49-BAEB-B4BCF0589EA0}"
EndProject
Global
	GlobalSection(SolutionConfigurationPlatforms) = preSolution
		Debug|Any CPU = Debug|Any CPU
		Release|Any CPU = Release|Any CPU
	EndGlobalSection
	GlobalSection(ProjectConfigurationPlatforms) = postSolution
		{77ED44E0-6254-4980-BF94-41D2E3E16D78}.Debug|Any CPU.ActiveCfg = Debug|Any CPU
		{77ED44E0-6254-4980-BF94-41D2E3E16D78}.Debug|Any CPU.Build.0 = Debug|Any CPU
		{77ED44E0-6254-4980-BF94-41D2E3E16D78}.Release|Any CPU.ActiveCfg = Release|Any CPU
		{77ED44E0-6254-4980-BF94-41D2E3E16D78}.Release|Any CPU.Build.0 = Release|Any CPU
		{1713D5D4-A989-4B2A-A480-434A5690C6C0}.Debug|Any CPU.ActiveCfg = Debug|Any CPU
		{1713D5D4-A989-4B2A-A480-434A5690C6C0}.Debug|Any CPU.Build.0 = Debug|Any CPU
		{1713D5D4-A989-4B2A-A480-434A5690C6C0}.Release|Any CPU.ActiveCfg = Release|Any CPU
		{1713D5D4-A989-4B2A-A480-434A5690C6C0}.Release|Any CPU.Build.0 = Release|Any CPU
		{E9BEE378-A132-41DD-B1F5-36824387964E}.Debug|Any CPU.ActiveCfg = Debug|Any CPU
		{E9BEE378-A132-41DD-B1F5-36824387964E}.Debug|Any CPU.Build.0 = Debug|Any CPU
		{E9BEE378-A132-41DD-B1F5-36824387964E}.Release|Any CPU.ActiveCfg = Release|Any CPU
		{E9BEE378-A132-41DD-B1F5-36824387964E}.Release|Any CPU.Build.0 = Release|Any CPU
		{0E38D90D-019A-4AF8-B7BE-16D51A11E7A8}.Debug|Any CPU.ActiveCfg = Debug|Any CPU
		{0E38D90D-019A-4AF8-B7BE-16D51A11E7A8}.Debug|Any CPU.Build.0 = Debug|Any CPU
		{0E38D90D-019A-4AF8-B7BE-16D51A11E7A8}.Release|Any CPU.ActiveCfg = Release|Any CPU
		{0E38D90D-019A-4AF8-B7BE-16D51A11E7A8}.Release|Any CPU.Build.0 = Release|Any CPU
		{7C48C0A9-3AAC-4F49-BAEB-B4BCF0589EA0}.Debug|Any CPU.ActiveCfg = Debug|Any CPU
		{7C48C0A9-3AAC-4F49-BAEB-B4BCF0589EA0}.Debug|Any CPU.Build.0 = Debug|Any CPU
		{7C48C0A9-3AAC-4F49-BAEB-B4BCF0589EA0}.Release|Any CPU.ActiveCfg = Release|Any CPU
		{7C48C0A9-3AAC-4F49-BAEB-B4BCF0589EA0}.Release|Any CPU.Build.0 = Release|Any CPU
	EndGlobalSection
	GlobalSection(SolutionProperties) = preSolution
		HideSolutionNode = FALSE
	EndGlobalSection
	GlobalSection(ExtensibilityGlobals) = postSolution
		SolutionGuid = {39E842DC-E7BA-4DAB-B328-B79681F42BF7}
	EndGlobalSection
EndGlobal
